
Microsoft Visual Studio Solution File, Format Version 12.00
# Visual Studio Version 17
VisualStudioVersion = 17.5.001.0
MinimumVisualStudioVersion = 10.0.40219.1
Project("{9A19103F-16F7-4668-BE54-9A1E7A4F7556}") = "automation", "automation.csproj", "{7FD8A092-09D5-42C1-A81C-0435EC416305}"
EndProject
Global
	GlobalSection(SolutionConfigurationPlatforms) = preSolution
		Debug|Any CPU = Debug|Any CPU
		Release|Any CPU = Release|Any CPU
	EndGlobalSection
	GlobalSection(ProjectConfigurationPlatforms) = postSolution
		{7FD8A092-09D5-42C1-A81C-0435EC416305}.Debug|Any CPU.ActiveCfg = Debug|Any CPU
		{7FD8A092-09D5-42C1-A81C-0435EC416305}.Debug|Any CPU.Build.0 = Debug|Any CPU
		{7FD8A092-09D5-42C1-A81C-0435EC416305}.Release|Any CPU.ActiveCfg = Release|Any CPU
		{7FD8A092-09D5-42C1-A81C-0435EC416305}.Release|Any CPU.Build.0 = Release|Any CPU
	EndGlobalSection
	GlobalSection(SolutionProperties) = preSolution
		HideSolutionNode = FALSE
	EndGlobalSection
	GlobalSection(ExtensibilityGlobals) = postSolution
		SolutionGuid = {CFFFBBDE-10F4-43B8-9CC5-66F5E78DE4E7}
	EndGlobalSection
EndGlobal
